<Solution>
    <Folder Name="/Solution Items/">
        <File Path=".editorconfig" />
        <File Path="Directory.Build.props" />
        <File Path="Directory.Packages.props" />
    </Folder>
    <Project Path="SupportToolsServerCore.Application.Abstractions/SupportToolsServerCore.Application.Abstractions.csproj" />
    <Project Path="SupportToolsServerCore.Domain/SupportToolsServerCore.Domain.csproj" />
</Solution>
